// !$*UTF8*$!
{
	archiveVersion = 1;
	classes = {
	};
	objectVersion = 55;
	objects = {

/* Begin PBXBuildFile section */
		0BFB0657114395D09122EF9C /* Pods_SwiftApp.framework in Frameworks */ = {isa = PBXBuildFile; fileRef = 88E4731D827AFF3456861D99 /* Pods_SwiftApp.framework */; };
		312C2A1A280CE36300E27C27 /* HorizontalTableViewController.swift in Sources */ = {isa = PBXBuildFile; fileRef = 312C2A19280CE36300E27C27 /* HorizontalTableViewController.swift */; };
		3130CAD72875C6250023D395 /* ScrollViewTestController.swift in Sources */ = {isa = PBXBuildFile; fileRef = 3130CAD62875C6250023D395 /* ScrollViewTestController.swift */; };
		3130CAD92875D0D50023D395 /* CustomFontTestController.swift in Sources */ = {isa = PBXBuildFile; fileRef = 3130CAD82875D0D50023D395 /* CustomFontTestController.swift */; };
		3130CADE2875D4C60023D395 /* universidad.ttf in Resources */ = {isa = PBXBuildFile; fileRef = 3130CADB2875D2D40023D395 /* universidad.ttf */; };
		314A0DD02816C63200FE0483 /* AutoSizingUITextViewTestController.swift in Sources */ = {isa = PBXBuildFile; fileRef = 314A0DCF2816C63200FE0483 /* AutoSizingUITextViewTestController.swift */; };
		AB25A95D280C6954001D50C9 /* UserDefaultTestViewController.swift in Sources */ = {isa = PBXBuildFile; fileRef = AB25A95C280C6954001D50C9 /* UserDefaultTestViewController.swift */; };
		AB25A95F280C6CF3001D50C9 /* Extention.swift in Sources */ = {isa = PBXBuildFile; fileRef = AB25A95E280C6CF3001D50C9 /* Extention.swift */; };
		AB25A961280C70D8001D50C9 /* LabViewController.swift in Sources */ = {isa = PBXBuildFile; fileRef = AB25A960280C70D8001D50C9 /* LabViewController.swift */; };
		AB31AEE4288853D900A51ACF /* CustomTableViewController.swift in Sources */ = {isa = PBXBuildFile; fileRef = AB31AEE3288853D900A51ACF /* CustomTableViewController.swift */; };
		AB31AEE7288854A200A51ACF /* TableCell.swift in Sources */ = {isa = PBXBuildFile; fileRef = AB31AEE6288854A200A51ACF /* TableCell.swift */; };
		AB31AEE9288856E600A51ACF /* CollectionViewCell.swift in Sources */ = {isa = PBXBuildFile; fileRef = AB31AEE8288856E600A51ACF /* CollectionViewCell.swift */; };
		AB86C9B7287C691700BD23AF /* NetworManager.swift in Sources */ = {isa = PBXBuildFile; fileRef = AB86C9B6287C691700BD23AF /* NetworManager.swift */; };
		AB86C9BA287C69F900BD23AF /* MyStatusModel.swift in Sources */ = {isa = PBXBuildFile; fileRef = AB86C9B9287C69F900BD23AF /* MyStatusModel.swift */; };
		AB86C9BC287C6BCE00BD23AF /* MyStatusTarget.swift in Sources */ = {isa = PBXBuildFile; fileRef = AB86C9BB287C6BCE00BD23AF /* MyStatusTarget.swift */; };
		AB86C9BE287C7ED500BD23AF /* MyStatusAPI.swift in Sources */ = {isa = PBXBuildFile; fileRef = AB86C9BD287C7ED500BD23AF /* MyStatusAPI.swift */; };
		ABA4B221288EF28100B2388E /* MultiCollectionViewController.swift in Sources */ = {isa = PBXBuildFile; fileRef = ABA4B220288EF28100B2388E /* MultiCollectionViewController.swift */; };
		ABA4B223288EF57300B2388E /* MultiCollectionViewHeader.swift in Sources */ = {isa = PBXBuildFile; fileRef = ABA4B222288EF57300B2388E /* MultiCollectionViewHeader.swift */; };
		ABA4B225288EF70C00B2388E /* MultiCollectionViewCell.swift in Sources */ = {isa = PBXBuildFile; fileRef = ABA4B224288EF70C00B2388E /* MultiCollectionViewCell.swift */; };
		ABC683AC280BF24900846119 /* AppDelegate.swift in Sources */ = {isa = PBXBuildFile; fileRef = ABC683AB280BF24900846119 /* AppDelegate.swift */; };
		ABC683AE280BF24900846119 /* SceneDelegate.swift in Sources */ = {isa = PBXBuildFile; fileRef = ABC683AD280BF24900846119 /* SceneDelegate.swift */; };
		ABC683B5280BF24D00846119 /* Assets.xcassets in Resources */ = {isa = PBXBuildFile; fileRef = ABC683B4280BF24D00846119 /* Assets.xcassets */; };
		ABC683B8280BF24D00846119 /* LaunchScreen.storyboard in Resources */ = {isa = PBXBuildFile; fileRef = ABC683B6280BF24D00846119 /* LaunchScreen.storyboard */; };
		ABC683C0280C506200846119 /* TestCell.swift in Sources */ = {isa = PBXBuildFile; fileRef = ABC683BF280C506200846119 /* TestCell.swift */; };
		ABD5923F288D817500C1C288 /* MultiSelectTableViewController.swift in Sources */ = {isa = PBXBuildFile; fileRef = ABD5923E288D817500C1C288 /* MultiSelectTableViewController.swift */; };
		ABD59242288D81E600C1C288 /* MultiSelectionTableViewCell.swift in Sources */ = {isa = PBXBuildFile; fileRef = ABD59241288D81E600C1C288 /* MultiSelectionTableViewCell.swift */; };
/* End PBXBuildFile section */

/* Begin PBXFileReference section */
		312C2A19280CE36300E27C27 /* HorizontalTableViewController.swift */ = {isa = PBXFileReference; lastKnownFileType = sourcecode.swift; path = HorizontalTableViewController.swift; sourceTree = "<group>"; };
		3130CAD62875C6250023D395 /* ScrollViewTestController.swift */ = {isa = PBXFileReference; lastKnownFileType = sourcecode.swift; path = ScrollViewTestController.swift; sourceTree = "<group>"; };
		3130CAD82875D0D50023D395 /* CustomFontTestController.swift */ = {isa = PBXFileReference; lastKnownFileType = sourcecode.swift; path = CustomFontTestController.swift; sourceTree = "<group>"; };
		3130CADB2875D2D40023D395 /* universidad.ttf */ = {isa = PBXFileReference; lastKnownFileType = file; path = universidad.ttf; sourceTree = "<group>"; };
		3130CADF2875D7610023D395 /* Roboto-Italic.ttf */ = {isa = PBXFileReference; lastKnownFileType = file; path = "Roboto-Italic.ttf"; sourceTree = "<group>"; };
		3130CAE02875D7610023D395 /* Roboto-Regular.ttf */ = {isa = PBXFileReference; lastKnownFileType = file; path = "Roboto-Regular.ttf"; sourceTree = "<group>"; };
		3130CAE12875D7610023D395 /* Roboto-Thin.ttf */ = {isa = PBXFileReference; lastKnownFileType = file; path = "Roboto-Thin.ttf"; sourceTree = "<group>"; };
		3130CAE22875D7610023D395 /* Roboto-Medium.ttf */ = {isa = PBXFileReference; lastKnownFileType = file; path = "Roboto-Medium.ttf"; sourceTree = "<group>"; };
		3130CAE32875D7610023D395 /* Roboto-Bold.ttf */ = {isa = PBXFileReference; lastKnownFileType = file; path = "Roboto-Bold.ttf"; sourceTree = "<group>"; };
		3130CAE42875D7610023D395 /* Roboto-BlackItalic.ttf */ = {isa = PBXFileReference; lastKnownFileType = file; path = "Roboto-BlackItalic.ttf"; sourceTree = "<group>"; };
		3130CAE52875D7610023D395 /* Roboto-ThinItalic.ttf */ = {isa = PBXFileReference; lastKnownFileType = file; path = "Roboto-ThinItalic.ttf"; sourceTree = "<group>"; };
		3130CAE62875D7610023D395 /* Roboto-BoldItalic.ttf */ = {isa = PBXFileReference; lastKnownFileType = file; path = "Roboto-BoldItalic.ttf"; sourceTree = "<group>"; };
		3130CAE72875D7610023D395 /* Roboto-Black.ttf */ = {isa = PBXFileReference; lastKnownFileType = file; path = "Roboto-Black.ttf"; sourceTree = "<group>"; };
		3130CAE82875D7620023D395 /* Roboto-LightItalic.ttf */ = {isa = PBXFileReference; lastKnownFileType = file; path = "Roboto-LightItalic.ttf"; sourceTree = "<group>"; };
		3130CAE92875D7620023D395 /* Roboto-MediumItalic.ttf */ = {isa = PBXFileReference; lastKnownFileType = file; path = "Roboto-MediumItalic.ttf"; sourceTree = "<group>"; };
		3130CAEA2875D7620023D395 /* Roboto-Light.ttf */ = {isa = PBXFileReference; lastKnownFileType = file; path = "Roboto-Light.ttf"; sourceTree = "<group>"; };
		314A0DCF2816C63200FE0483 /* AutoSizingUITextViewTestController.swift */ = {isa = PBXFileReference; lastKnownFileType = sourcecode.swift; path = AutoSizingUITextViewTestController.swift; sourceTree = "<group>"; };
		46446E067E4ACFB5E31EB2A6 /* Pods-SwiftApp.debug.xcconfig */ = {isa = PBXFileReference; includeInIndex = 1; lastKnownFileType = text.xcconfig; name = "Pods-SwiftApp.debug.xcconfig"; path = "Target Support Files/Pods-SwiftApp/Pods-SwiftApp.debug.xcconfig"; sourceTree = "<group>"; };
		7D0AC76FFE78E23F3C299652 /* Pods-SwiftApp.release.xcconfig */ = {isa = PBXFileReference; includeInIndex = 1; lastKnownFileType = text.xcconfig; name = "Pods-SwiftApp.release.xcconfig"; path = "Target Support Files/Pods-SwiftApp/Pods-SwiftApp.release.xcconfig"; sourceTree = "<group>"; };
		88E4731D827AFF3456861D99 /* Pods_SwiftApp.framework */ = {isa = PBXFileReference; explicitFileType = wrapper.framework; includeInIndex = 0; path = Pods_SwiftApp.framework; sourceTree = BUILT_PRODUCTS_DIR; };
		AB25A95C280C6954001D50C9 /* UserDefaultTestViewController.swift */ = {isa = PBXFileReference; lastKnownFileType = sourcecode.swift; path = UserDefaultTestViewController.swift; sourceTree = "<group>"; };
		AB25A95E280C6CF3001D50C9 /* Extention.swift */ = {isa = PBXFileReference; lastKnownFileType = sourcecode.swift; path = Extention.swift; sourceTree = "<group>"; };
		AB25A960280C70D8001D50C9 /* LabViewController.swift */ = {isa = PBXFileReference; lastKnownFileType = sourcecode.swift; path = LabViewController.swift; sourceTree = "<group>"; };
		AB31AEE3288853D900A51ACF /* CustomTableViewController.swift */ = {isa = PBXFileReference; lastKnownFileType = sourcecode.swift; path = CustomTableViewController.swift; sourceTree = "<group>"; };
		AB31AEE6288854A200A51ACF /* TableCell.swift */ = {isa = PBXFileReference; lastKnownFileType = sourcecode.swift; path = TableCell.swift; sourceTree = "<group>"; };
		AB31AEE8288856E600A51ACF /* CollectionViewCell.swift */ = {isa = PBXFileReference; lastKnownFileType = sourcecode.swift; path = CollectionViewCell.swift; sourceTree = "<group>"; };
		AB86C9B6287C691700BD23AF /* NetworManager.swift */ = {isa = PBXFileReference; lastKnownFileType = sourcecode.swift; path = NetworManager.swift; sourceTree = "<group>"; };
		AB86C9B9287C69F900BD23AF /* MyStatusModel.swift */ = {isa = PBXFileReference; lastKnownFileType = sourcecode.swift; path = MyStatusModel.swift; sourceTree = "<group>"; };
		AB86C9BB287C6BCE00BD23AF /* MyStatusTarget.swift */ = {isa = PBXFileReference; lastKnownFileType = sourcecode.swift; path = MyStatusTarget.swift; sourceTree = "<group>"; };
		AB86C9BD287C7ED500BD23AF /* MyStatusAPI.swift */ = {isa = PBXFileReference; lastKnownFileType = sourcecode.swift; path = MyStatusAPI.swift; sourceTree = "<group>"; };
		ABA4B220288EF28100B2388E /* MultiCollectionViewController.swift */ = {isa = PBXFileReference; lastKnownFileType = sourcecode.swift; path = MultiCollectionViewController.swift; sourceTree = "<group>"; };
		ABA4B222288EF57300B2388E /* MultiCollectionViewHeader.swift */ = {isa = PBXFileReference; lastKnownFileType = sourcecode.swift; path = MultiCollectionViewHeader.swift; sourceTree = "<group>"; };
		ABA4B224288EF70C00B2388E /* MultiCollectionViewCell.swift */ = {isa = PBXFileReference; lastKnownFileType = sourcecode.swift; path = MultiCollectionViewCell.swift; sourceTree = "<group>"; };
		ABC683A8280BF24900846119 /* SwiftApp.app */ = {isa = PBXFileReference; explicitFileType = wrapper.application; includeInIndex = 0; path = SwiftApp.app; sourceTree = BUILT_PRODUCTS_DIR; };
		ABC683AB280BF24900846119 /* AppDelegate.swift */ = {isa = PBXFileReference; lastKnownFileType = sourcecode.swift; path = AppDelegate.swift; sourceTree = "<group>"; };
		ABC683AD280BF24900846119 /* SceneDelegate.swift */ = {isa = PBXFileReference; lastKnownFileType = sourcecode.swift; path = SceneDelegate.swift; sourceTree = "<group>"; };
		ABC683B4280BF24D00846119 /* Assets.xcassets */ = {isa = PBXFileReference; lastKnownFileType = folder.assetcatalog; path = Assets.xcassets; sourceTree = "<group>"; };
		ABC683B7280BF24D00846119 /* Base */ = {isa = PBXFileReference; lastKnownFileType = file.storyboard; name = Base; path = Base.lproj/LaunchScreen.storyboard; sourceTree = "<group>"; };
		ABC683B9280BF24D00846119 /* Info.plist */ = {isa = PBXFileReference; lastKnownFileType = text.plist.xml; path = Info.plist; sourceTree = "<group>"; };
		ABC683BF280C506200846119 /* TestCell.swift */ = {isa = PBXFileReference; lastKnownFileType = sourcecode.swift; path = TestCell.swift; sourceTree = "<group>"; };
		ABD5923E288D817500C1C288 /* MultiSelectTableViewController.swift */ = {isa = PBXFileReference; lastKnownFileType = sourcecode.swift; path = MultiSelectTableViewController.swift; sourceTree = "<group>"; };
		ABD59241288D81E600C1C288 /* MultiSelectionTableViewCell.swift */ = {isa = PBXFileReference; lastKnownFileType = sourcecode.swift; path = MultiSelectionTableViewCell.swift; sourceTree = "<group>"; };
/* End PBXFileReference section */

/* Begin PBXFrameworksBuildPhase section */
		ABC683A5280BF24900846119 /* Frameworks */ = {
			isa = PBXFrameworksBuildPhase;
			buildActionMask = 2147483647;
			files = (
				0BFB0657114395D09122EF9C /* Pods_SwiftApp.framework in Frameworks */,
			);
			runOnlyForDeploymentPostprocessing = 0;
		};
/* End PBXFrameworksBuildPhase section */

/* Begin PBXGroup section */
		22C99DA26E7A2E194CE6EDE1 /* Frameworks */ = {
			isa = PBXGroup;
			children = (
				88E4731D827AFF3456861D99 /* Pods_SwiftApp.framework */,
			);
			name = Frameworks;
			sourceTree = "<group>";
		};
		3130CADA2875D2AA0023D395 /* fonts */ = {
			isa = PBXGroup;
			children = (
				3130CADB2875D2D40023D395 /* universidad.ttf */,
				3130CAE72875D7610023D395 /* Roboto-Black.ttf */,
				3130CAE42875D7610023D395 /* Roboto-BlackItalic.ttf */,
				3130CAE32875D7610023D395 /* Roboto-Bold.ttf */,
				3130CAE62875D7610023D395 /* Roboto-BoldItalic.ttf */,
				3130CADF2875D7610023D395 /* Roboto-Italic.ttf */,
				3130CAEA2875D7620023D395 /* Roboto-Light.ttf */,
				3130CAE82875D7620023D395 /* Roboto-LightItalic.ttf */,
				3130CAE22875D7610023D395 /* Roboto-Medium.ttf */,
				3130CAE92875D7620023D395 /* Roboto-MediumItalic.ttf */,
				3130CAE02875D7610023D395 /* Roboto-Regular.ttf */,
				3130CAE12875D7610023D395 /* Roboto-Thin.ttf */,
				3130CAE52875D7610023D395 /* Roboto-ThinItalic.ttf */,
			);
			path = fonts;
			sourceTree = "<group>";
		};
		73A010523C56E38D185A13D7 /* Pods */ = {
			isa = PBXGroup;
			children = (
				46446E067E4ACFB5E31EB2A6 /* Pods-SwiftApp.debug.xcconfig */,
				7D0AC76FFE78E23F3C299652 /* Pods-SwiftApp.release.xcconfig */,
			);
			path = Pods;
			sourceTree = "<group>";
		};
		AB25A95B280C6940001D50C9 /* TestList */ = {
			isa = PBXGroup;
			children = (
				ABA4B21E288EF24F00B2388E /* CollectionViewController */,
				ABD5923D288D815F00C1C288 /* MultiSelect */,
				AB86C9B3287C679800BD23AF /* MoyaTest */,
				AB25A95C280C6954001D50C9 /* UserDefaultTestViewController.swift */,
				312C2A19280CE36300E27C27 /* HorizontalTableViewController.swift */,
				314A0DCF2816C63200FE0483 /* AutoSizingUITextViewTestController.swift */,
				3130CAD62875C6250023D395 /* ScrollViewTestController.swift */,
				3130CAD82875D0D50023D395 /* CustomFontTestController.swift */,
				AB31AEE52888548200A51ACF /* CustomTableViewController */,
			);
			path = TestList;
			sourceTree = "<group>";
		};
		AB31AEE52888548200A51ACF /* CustomTableViewController */ = {
			isa = PBXGroup;
			children = (
				AB31AEE3288853D900A51ACF /* CustomTableViewController.swift */,
				AB31AEE6288854A200A51ACF /* TableCell.swift */,
				AB31AEE8288856E600A51ACF /* CollectionViewCell.swift */,
			);
			path = CustomTableViewController;
			sourceTree = "<group>";
		};
		AB86C9B3287C679800BD23AF /* MoyaTest */ = {
			isa = PBXGroup;
			children = (
				AB86C9B8287C69DB00BD23AF /* Model */,
				AB86C9B6287C691700BD23AF /* NetworManager.swift */,
				AB86C9BD287C7ED500BD23AF /* MyStatusAPI.swift */,
			);
			path = MoyaTest;
			sourceTree = "<group>";
		};
		AB86C9B8287C69DB00BD23AF /* Model */ = {
			isa = PBXGroup;
			children = (
				AB86C9B9287C69F900BD23AF /* MyStatusModel.swift */,
				AB86C9BB287C6BCE00BD23AF /* MyStatusTarget.swift */,
			);
			path = Model;
			sourceTree = "<group>";
		};
		ABA4B21E288EF24F00B2388E /* CollectionViewController */ = {
			isa = PBXGroup;
			children = (
				ABA4B21F288EF25F00B2388E /* MultiCollectionViewController */,
			);
			path = CollectionViewController;
			sourceTree = "<group>";
		};
		ABA4B21F288EF25F00B2388E /* MultiCollectionViewController */ = {
			isa = PBXGroup;
			children = (
				ABA4B220288EF28100B2388E /* MultiCollectionViewController.swift */,
				ABA4B222288EF57300B2388E /* MultiCollectionViewHeader.swift */,
				ABA4B224288EF70C00B2388E /* MultiCollectionViewCell.swift */,
			);
			path = MultiCollectionViewController;
			sourceTree = "<group>";
		};
		ABC6839F280BF24900846119 = {
			isa = PBXGroup;
			children = (
				ABC683AA280BF24900846119 /* SwiftApp */,
				ABC683A9280BF24900846119 /* Products */,
				73A010523C56E38D185A13D7 /* Pods */,
				22C99DA26E7A2E194CE6EDE1 /* Frameworks */,
			);
			sourceTree = "<group>";
		};
		ABC683A9280BF24900846119 /* Products */ = {
			isa = PBXGroup;
			children = (
				ABC683A8280BF24900846119 /* SwiftApp.app */,
			);
			name = Products;
			sourceTree = "<group>";
		};
		ABC683AA280BF24900846119 /* SwiftApp */ = {
			isa = PBXGroup;
			children = (
				3130CADA2875D2AA0023D395 /* fonts */,
				AB25A95B280C6940001D50C9 /* TestList */,
				ABC683AB280BF24900846119 /* AppDelegate.swift */,
				ABC683AD280BF24900846119 /* SceneDelegate.swift */,
				ABC683B4280BF24D00846119 /* Assets.xcassets */,
				ABC683B6280BF24D00846119 /* LaunchScreen.storyboard */,
				ABC683B9280BF24D00846119 /* Info.plist */,
				ABC683BF280C506200846119 /* TestCell.swift */,
				AB25A95E280C6CF3001D50C9 /* Extention.swift */,
				AB25A960280C70D8001D50C9 /* LabViewController.swift */,
			);
			path = SwiftApp;
			sourceTree = "<group>";
		};
		ABD5923D288D815F00C1C288 /* MultiSelect */ = {
			isa = PBXGroup;
			children = (
				ABD59240288D81CC00C1C288 /* Model */,
				ABD5923E288D817500C1C288 /* MultiSelectTableViewController.swift */,
				ABD59241288D81E600C1C288 /* MultiSelectionTableViewCell.swift */,
			);
			path = MultiSelect;
			sourceTree = "<group>";
		};
		ABD59240288D81CC00C1C288 /* Model */ = {
			isa = PBXGroup;
			children = (
			);
			path = Model;
			sourceTree = "<group>";
		};
/* End PBXGroup section */

/* Begin PBXNativeTarget section */
		ABC683A7280BF24900846119 /* SwiftApp */ = {
			isa = PBXNativeTarget;
			buildConfigurationList = ABC683BC280BF24D00846119 /* Build configuration list for PBXNativeTarget "SwiftApp" */;
			buildPhases = (
				5BB2BD67BEF663D86B9DD3D2 /* [CP] Check Pods Manifest.lock */,
				ABC683A4280BF24900846119 /* Sources */,
				ABC683A5280BF24900846119 /* Frameworks */,
				ABC683A6280BF24900846119 /* Resources */,
				C849BB12FDE576E35674AF5E /* [CP] Embed Pods Frameworks */,
			);
			buildRules = (
			);
			dependencies = (
			);
			name = SwiftApp;
			productName = SwiftApp;
			productReference = ABC683A8280BF24900846119 /* SwiftApp.app */;
			productType = "com.apple.product-type.application";
		};
/* End PBXNativeTarget section */

/* Begin PBXProject section */
		ABC683A0280BF24900846119 /* Project object */ = {
			isa = PBXProject;
			attributes = {
				BuildIndependentTargetsInParallel = 1;
				LastSwiftUpdateCheck = 1310;
				LastUpgradeCheck = 1310;
				TargetAttributes = {
					ABC683A7280BF24900846119 = {
						CreatedOnToolsVersion = 13.1;
					};
				};
			};
			buildConfigurationList = ABC683A3280BF24900846119 /* Build configuration list for PBXProject "SwiftApp" */;
			compatibilityVersion = "Xcode 13.0";
			developmentRegion = en;
			hasScannedForEncodings = 0;
			knownRegions = (
				en,
				Base,
			);
			mainGroup = ABC6839F280BF24900846119;
			productRefGroup = ABC683A9280BF24900846119 /* Products */;
			projectDirPath = "";
			projectRoot = "";
			targets = (
				ABC683A7280BF24900846119 /* SwiftApp */,
			);
		};
/* End PBXProject section */

/* Begin PBXResourcesBuildPhase section */
		ABC683A6280BF24900846119 /* Resources */ = {
			isa = PBXResourcesBuildPhase;
			buildActionMask = 2147483647;
			files = (
				3130CADE2875D4C60023D395 /* universidad.ttf in Resources */,
				ABC683B8280BF24D00846119 /* LaunchScreen.storyboard in Resources */,
				ABC683B5280BF24D00846119 /* Assets.xcassets in Resources */,
			);
			runOnlyForDeploymentPostprocessing = 0;
		};
/* End PBXResourcesBuildPhase section */

/* Begin PBXShellScriptBuildPhase section */
		5BB2BD67BEF663D86B9DD3D2 /* [CP] Check Pods Manifest.lock */ = {
			isa = PBXShellScriptBuildPhase;
			buildActionMask = 2147483647;
			files = (
			);
			inputFileListPaths = (
			);
			inputPaths = (
				"${PODS_PODFILE_DIR_PATH}/Podfile.lock",
				"${PODS_ROOT}/Manifest.lock",
			);
			name = "[CP] Check Pods Manifest.lock";
			outputFileListPaths = (
			);
			outputPaths = (
				"$(DERIVED_FILE_DIR)/Pods-SwiftApp-checkManifestLockResult.txt",
			);
			runOnlyForDeploymentPostprocessing = 0;
			shellPath = /bin/sh;
			shellScript = "diff \"${PODS_PODFILE_DIR_PATH}/Podfile.lock\" \"${PODS_ROOT}/Manifest.lock\" > /dev/null\nif [ $? != 0 ] ; then\n    # print error to STDERR\n    echo \"error: The sandbox is not in sync with the Podfile.lock. Run 'pod install' or update your CocoaPods installation.\" >&2\n    exit 1\nfi\n# This output is used by Xcode 'outputs' to avoid re-running this script phase.\necho \"SUCCESS\" > \"${SCRIPT_OUTPUT_FILE_0}\"\n";
			showEnvVarsInLog = 0;
		};
		C849BB12FDE576E35674AF5E /* [CP] Embed Pods Frameworks */ = {
			isa = PBXShellScriptBuildPhase;
			buildActionMask = 2147483647;
			files = (
			);
			inputFileListPaths = (
				"${PODS_ROOT}/Target Support Files/Pods-SwiftApp/Pods-SwiftApp-frameworks-${CONFIGURATION}-input-files.xcfilelist",
			);
			name = "[CP] Embed Pods Frameworks";
			outputFileListPaths = (
				"${PODS_ROOT}/Target Support Files/Pods-SwiftApp/Pods-SwiftApp-frameworks-${CONFIGURATION}-output-files.xcfilelist",
			);
			runOnlyForDeploymentPostprocessing = 0;
			shellPath = /bin/sh;
			shellScript = "\"${PODS_ROOT}/Target Support Files/Pods-SwiftApp/Pods-SwiftApp-frameworks.sh\"\n";
			showEnvVarsInLog = 0;
		};
/* End PBXShellScriptBuildPhase section */

/* Begin PBXSourcesBuildPhase section */
		ABC683A4280BF24900846119 /* Sources */ = {
			isa = PBXSourcesBuildPhase;
			buildActionMask = 2147483647;
			files = (
				ABC683C0280C506200846119 /* TestCell.swift in Sources */,
				AB86C9BA287C69F900BD23AF /* MyStatusModel.swift in Sources */,
				ABA4B223288EF57300B2388E /* MultiCollectionViewHeader.swift in Sources */,
				AB31AEE9288856E600A51ACF /* CollectionViewCell.swift in Sources */,
				AB25A95D280C6954001D50C9 /* UserDefaultTestViewController.swift in Sources */,
				ABC683AC280BF24900846119 /* AppDelegate.swift in Sources */,
				AB25A95F280C6CF3001D50C9 /* Extention.swift in Sources */,
				AB86C9B7287C691700BD23AF /* NetworManager.swift in Sources */,
				ABD5923F288D817500C1C288 /* MultiSelectTableViewController.swift in Sources */,
				ABD59242288D81E600C1C288 /* MultiSelectionTableViewCell.swift in Sources */,
				ABC683AE280BF24900846119 /* SceneDelegate.swift in Sources */,
				AB31AEE4288853D900A51ACF /* CustomTableViewController.swift in Sources */,
				AB25A961280C70D8001D50C9 /* LabViewController.swift in Sources */,
				AB86C9BE287C7ED500BD23AF /* MyStatusAPI.swift in Sources */,
				3130CAD72875C6250023D395 /* ScrollViewTestController.swift in Sources */,
				312C2A1A280CE36300E27C27 /* HorizontalTableViewController.swift in Sources */,
				314A0DD02816C63200FE0483 /* AutoSizingUITextViewTestController.swift in Sources */,
				ABA4B221288EF28100B2388E /* MultiCollectionViewController.swift in Sources */,
				AB86C9BC287C6BCE00BD23AF /* MyStatusTarget.swift in Sources */,
				AB31AEE7288854A200A51ACF /* TableCell.swift in Sources */,
				ABA4B225288EF70C00B2388E /* MultiCollectionViewCell.swift in Sources */,
				3130CAD92875D0D50023D395 /* CustomFontTestController.swift in Sources */,
			);
			runOnlyForDeploymentPostprocessing = 0;
		};
/* End PBXSourcesBuildPhase section */

/* Begin PBXVariantGroup section */
		ABC683B6280BF24D00846119 /* LaunchScreen.storyboard */ = {
			isa = PBXVariantGroup;
			children = (
				ABC683B7280BF24D00846119 /* Base */,
			);
			name = LaunchScreen.storyboard;
			sourceTree = "<group>";
		};
/* End PBXVariantGroup section */

/* Begin XCBuildConfiguration section */
		ABC683BA280BF24D00846119 /* Debug */ = {
			isa = XCBuildConfiguration;
			buildSettings = {
				ALWAYS_SEARCH_USER_PATHS = NO;
				CLANG_ANALYZER_NONNULL = YES;
				CLANG_ANALYZER_NUMBER_OBJECT_CONVERSION = YES_AGGRESSIVE;
				CLANG_CXX_LANGUAGE_STANDARD = "gnu++17";
				CLANG_CXX_LIBRARY = "libc++";
				CLANG_ENABLE_MODULES = YES;
				CLANG_ENABLE_OBJC_ARC = YES;
				CLANG_ENABLE_OBJC_WEAK = YES;
				CLANG_WARN_BLOCK_CAPTURE_AUTORELEASING = YES;
				CLANG_WARN_BOOL_CONVERSION = YES;
				CLANG_WARN_COMMA = YES;
				CLANG_WARN_CONSTANT_CONVERSION = YES;
				CLANG_WARN_DEPRECATED_OBJC_IMPLEMENTATIONS = YES;
				CLANG_WARN_DIRECT_OBJC_ISA_USAGE = YES_ERROR;
				CLANG_WARN_DOCUMENTATION_COMMENTS = YES;
				CLANG_WARN_EMPTY_BODY = YES;
				CLANG_WARN_ENUM_CONVERSION = YES;
				CLANG_WARN_INFINITE_RECURSION = YES;
				CLANG_WARN_INT_CONVERSION = YES;
				CLANG_WARN_NON_LITERAL_NULL_CONVERSION = YES;
				CLANG_WARN_OBJC_IMPLICIT_RETAIN_SELF = YES;
				CLANG_WARN_OBJC_LITERAL_CONVERSION = YES;
				CLANG_WARN_OBJC_ROOT_CLASS = YES_ERROR;
				CLANG_WARN_QUOTED_INCLUDE_IN_FRAMEWORK_HEADER = YES;
				CLANG_WARN_RANGE_LOOP_ANALYSIS = YES;
				CLANG_WARN_STRICT_PROTOTYPES = YES;
				CLANG_WARN_SUSPICIOUS_MOVE = YES;
				CLANG_WARN_UNGUARDED_AVAILABILITY = YES_AGGRESSIVE;
				CLANG_WARN_UNREACHABLE_CODE = YES;
				CLANG_WARN__DUPLICATE_METHOD_MATCH = YES;
				COPY_PHASE_STRIP = NO;
				DEBUG_INFORMATION_FORMAT = dwarf;
				ENABLE_STRICT_OBJC_MSGSEND = YES;
				ENABLE_TESTABILITY = YES;
				GCC_C_LANGUAGE_STANDARD = gnu11;
				GCC_DYNAMIC_NO_PIC = NO;
				GCC_NO_COMMON_BLOCKS = YES;
				GCC_OPTIMIZATION_LEVEL = 0;
				GCC_PREPROCESSOR_DEFINITIONS = (
					"DEBUG=1",
					"$(inherited)",
				);
				GCC_WARN_64_TO_32_BIT_CONVERSION = YES;
				GCC_WARN_ABOUT_RETURN_TYPE = YES_ERROR;
				GCC_WARN_UNDECLARED_SELECTOR = YES;
				GCC_WARN_UNINITIALIZED_AUTOS = YES_AGGRESSIVE;
				GCC_WARN_UNUSED_FUNCTION = YES;
				GCC_WARN_UNUSED_VARIABLE = YES;
				IPHONEOS_DEPLOYMENT_TARGET = 15.0;
				MTL_ENABLE_DEBUG_INFO = INCLUDE_SOURCE;
				MTL_FAST_MATH = YES;
				ONLY_ACTIVE_ARCH = YES;
				SDKROOT = iphoneos;
				SWIFT_ACTIVE_COMPILATION_CONDITIONS = DEBUG;
				SWIFT_OPTIMIZATION_LEVEL = "-Onone";
			};
			name = Debug;
		};
		ABC683BB280BF24D00846119 /* Release */ = {
			isa = XCBuildConfiguration;
			buildSettings = {
				ALWAYS_SEARCH_USER_PATHS = NO;
				CLANG_ANALYZER_NONNULL = YES;
				CLANG_ANALYZER_NUMBER_OBJECT_CONVERSION = YES_AGGRESSIVE;
				CLANG_CXX_LANGUAGE_STANDARD = "gnu++17";
				CLANG_CXX_LIBRARY = "libc++";
				CLANG_ENABLE_MODULES = YES;
				CLANG_ENABLE_OBJC_ARC = YES;
				CLANG_ENABLE_OBJC_WEAK = YES;
				CLANG_WARN_BLOCK_CAPTURE_AUTORELEASING = YES;
				CLANG_WARN_BOOL_CONVERSION = YES;
				CLANG_WARN_COMMA = YES;
				CLANG_WARN_CONSTANT_CONVERSION = YES;
				CLANG_WARN_DEPRECATED_OBJC_IMPLEMENTATIONS = YES;
				CLANG_WARN_DIRECT_OBJC_ISA_USAGE = YES_ERROR;
				CLANG_WARN_DOCUMENTATION_COMMENTS = YES;
				CLANG_WARN_EMPTY_BODY = YES;
				CLANG_WARN_ENUM_CONVERSION = YES;
				CLANG_WARN_INFINITE_RECURSION = YES;
				CLANG_WARN_INT_CONVERSION = YES;
				CLANG_WARN_NON_LITERAL_NULL_CONVERSION = YES;
				CLANG_WARN_OBJC_IMPLICIT_RETAIN_SELF = YES;
				CLANG_WARN_OBJC_LITERAL_CONVERSION = YES;
				CLANG_WARN_OBJC_ROOT_CLASS = YES_ERROR;
				CLANG_WARN_QUOTED_INCLUDE_IN_FRAMEWORK_HEADER = YES;
				CLANG_WARN_RANGE_LOOP_ANALYSIS = YES;
				CLANG_WARN_STRICT_PROTOTYPES = YES;
				CLANG_WARN_SUSPICIOUS_MOVE = YES;
				CLANG_WARN_UNGUARDED_AVAILABILITY = YES_AGGRESSIVE;
				CLANG_WARN_UNREACHABLE_CODE = YES;
				CLANG_WARN__DUPLICATE_METHOD_MATCH = YES;
				COPY_PHASE_STRIP = NO;
				DEBUG_INFORMATION_FORMAT = "dwarf-with-dsym";
				ENABLE_NS_ASSERTIONS = NO;
				ENABLE_STRICT_OBJC_MSGSEND = YES;
				GCC_C_LANGUAGE_STANDARD = gnu11;
				GCC_NO_COMMON_BLOCKS = YES;
				GCC_WARN_64_TO_32_BIT_CONVERSION = YES;
				GCC_WARN_ABOUT_RETURN_TYPE = YES_ERROR;
				GCC_WARN_UNDECLARED_SELECTOR = YES;
				GCC_WARN_UNINITIALIZED_AUTOS = YES_AGGRESSIVE;
				GCC_WARN_UNUSED_FUNCTION = YES;
				GCC_WARN_UNUSED_VARIABLE = YES;
				IPHONEOS_DEPLOYMENT_TARGET = 15.0;
				MTL_ENABLE_DEBUG_INFO = NO;
				MTL_FAST_MATH = YES;
				SDKROOT = iphoneos;
				SWIFT_COMPILATION_MODE = wholemodule;
				SWIFT_OPTIMIZATION_LEVEL = "-O";
				VALIDATE_PRODUCT = YES;
			};
			name = Release;
		};
		ABC683BD280BF24D00846119 /* Debug */ = {
			isa = XCBuildConfiguration;
			baseConfigurationReference = 46446E067E4ACFB5E31EB2A6 /* Pods-SwiftApp.debug.xcconfig */;
			buildSettings = {
				ASSETCATALOG_COMPILER_APPICON_NAME = AppIcon;
				ASSETCATALOG_COMPILER_GLOBAL_ACCENT_COLOR_NAME = AccentColor;
				CODE_SIGN_STYLE = Automatic;
				CURRENT_PROJECT_VERSION = 1;
				DEVELOPMENT_TEAM = M67SZ8Y635;
				GENERATE_INFOPLIST_FILE = YES;
				INFOPLIST_FILE = SwiftApp/Info.plist;
				INFOPLIST_KEY_UIApplicationSupportsIndirectInputEvents = YES;
				INFOPLIST_KEY_UILaunchStoryboardName = LaunchScreen;
				INFOPLIST_KEY_UISupportedInterfaceOrientations_iPad = "UIInterfaceOrientationPortrait UIInterfaceOrientationPortraitUpsideDown UIInterfaceOrientationLandscapeLeft UIInterfaceOrientationLandscapeRight";
				INFOPLIST_KEY_UISupportedInterfaceOrientations_iPhone = "UIInterfaceOrientationPortrait UIInterfaceOrientationLandscapeLeft UIInterfaceOrientationLandscapeRight";
				LD_RUNPATH_SEARCH_PATHS = (
					"$(inherited)",
					"@executable_path/Frameworks",
				);
				MARKETING_VERSION = 1.0;
				PRODUCT_BUNDLE_IDENTIFIER = test.SwiftApp;
				PRODUCT_NAME = "$(TARGET_NAME)";
				SWIFT_EMIT_LOC_STRINGS = YES;
				SWIFT_VERSION = 5.0;
				TARGETED_DEVICE_FAMILY = "1,2";
			};
			name = Debug;
		};
		ABC683BE280BF24D00846119 /* Release */ = {
			isa = XCBuildConfiguration;
			baseConfigurationReference = 7D0AC76FFE78E23F3C299652 /* Pods-SwiftApp.release.xcconfig */;
			buildSettings = {
				ASSETCATALOG_COMPILER_APPICON_NAME = AppIcon;
				ASSETCATALOG_COMPILER_GLOBAL_ACCENT_COLOR_NAME = AccentColor;
				CODE_SIGN_STYLE = Automatic;
				CURRENT_PROJECT_VERSION = 1;
				DEVELOPMENT_TEAM = M67SZ8Y635;
				GENERATE_INFOPLIST_FILE = YES;
				INFOPLIST_FILE = SwiftApp/Info.plist;
				INFOPLIST_KEY_UIApplicationSupportsIndirectInputEvents = YES;
				INFOPLIST_KEY_UILaunchStoryboardName = LaunchScreen;
				INFOPLIST_KEY_UISupportedInterfaceOrientations_iPad = "UIInterfaceOrientationPortrait UIInterfaceOrientationPortraitUpsideDown UIInterfaceOrientationLandscapeLeft UIInterfaceOrientationLandscapeRight";
				INFOPLIST_KEY_UISupportedInterfaceOrientations_iPhone = "UIInterfaceOrientationPortrait UIInterfaceOrientationLandscapeLeft UIInterfaceOrientationLandscapeRight";
				LD_RUNPATH_SEARCH_PATHS = (
					"$(inherited)",
					"@executable_path/Frameworks",
				);
				MARKETING_VERSION = 1.0;
				PRODUCT_BUNDLE_IDENTIFIER = test.SwiftApp;
				PRODUCT_NAME = "$(TARGET_NAME)";
				SWIFT_EMIT_LOC_STRINGS = YES;
				SWIFT_VERSION = 5.0;
				TARGETED_DEVICE_FAMILY = "1,2";
			};
			name = Release;
		};
/* End XCBuildConfiguration section */

/* Begin XCConfigurationList section */
		ABC683A3280BF24900846119 /* Build configuration list for PBXProject "SwiftApp" */ = {
			isa = XCConfigurationList;
			buildConfigurations = (
				ABC683BA280BF24D00846119 /* Debug */,
				ABC683BB280BF24D00846119 /* Release */,
			);
			defaultConfigurationIsVisible = 0;
			defaultConfigurationName = Release;
		};
		ABC683BC280BF24D00846119 /* Build configuration list for PBXNativeTarget "SwiftApp" */ = {
			isa = XCConfigurationList;
			buildConfigurations = (
				ABC683BD280BF24D00846119 /* Debug */,
				ABC683BE280BF24D00846119 /* Release */,
			);
			defaultConfigurationIsVisible = 0;
			defaultConfigurationName = Release;
		};
/* End XCConfigurationList section */
	};
	rootObject = ABC683A0280BF24900846119 /* Project object */;
}
